# This file is autogenerated, do not edit; changes may be undone by the next 'dep ensure'.


[[projects]]
  digest = "1:3bfdfb3f1e89263734e9dd6d65a00ad0d4886750061439b7da2a8ab753a2ecf4"
  name = "github.com/andybalholm/brotli"
  packages = ["."]
  pruneopts = "UT"
  revision = "729edfbcfeaad43a6412c185205501ec80773250"
  version = "v1.0.1"

[[projects]]
  digest = "1:8d029fb6638c2f922b8b5a33aef0f07a44542a97a0cf89bf871dd837f6b3252d"
  name = "github.com/klauspost/compress"
  packages = [
    "flate",
    "gzip",
    "zlib",
  ]
  pruneopts = "UT"
  revision = "456984a7ed625447418279c10e2a8b6e357aa267"
  version = "v1.11.2"

[[projects]]
  digest = "1:7218fd69ff5436d016101bbc6183cdc289aa45ac37b48e78846318e4ef389bea"
  name = "github.com/kr/text"
  packages = ["."]
  pruneopts = "UT"
  revision = "702c74938df48b97370179f33ce2107bd7ff3b3e"
  version = "v0.2.0"

[[projects]]
  branch = "master"
  digest = "1:4454a22e87e1aacfb4c7e9550ab98c711a5285a0cc7f9ff8952c44a9b0dbbb05"
  name = "github.com/niemeyer/pretty"
  packages = ["."]
  pruneopts = "UT"
  revision = "a10e7caefd8e0d600cea437f5c3613aeb1553d56"

[[projects]]
  digest = "1:c468422f334a6b46a19448ad59aaffdfc0a36b08fdcc1c749a0b29b6453d7e59"
  name = "github.com/valyala/bytebufferpool"
  packages = ["."]
  pruneopts = "UT"
  revision = "e746df99fe4a3986f4d4f79e13c1e0117ce9c2f7"
  version = "v1.0.0"

[[projects]]
  digest = "1:a8580c4e2a628114325d82f8bc6557b888ae93ac453a849ddbc9c1787de09246"
  name = "github.com/valyala/fasthttp"
  packages = [
    ".",
    "fasthttputil",
    "stackless",
  ]
  pruneopts = "UT"
  revision = "74bd13a169aebf95983bd28a22d69ff5969665cc"
  version = "v1.17.0"

[[projects]]
  branch = "master"
  digest = "1:bcc487fe614a1d561dfc3fd179328f5e9777ceaea29cdb25b775309e9b85858d"
  name = "pkg.re/check.v1"
  packages = ["."]
  pruneopts = "UT"
  revision = "038fdea0a05bc030b0bfda479dc2e08d2220ec74"

[[projects]]
  digest = "1:904f7cbc12855430f0d164541cdd3ade6026373835fcdf6d3ce320a30789bab4"
  name = "pkg.re/essentialkaos/ek.v12"
  packages = [
    "env",
    "fmtc",
    "fsutil",
    "knf",
    "knf/validators",
    "knf/validators/fs",
    "log",
    "mathutil",
    "options",
    "path",
    "signal",
    "sortutil",
    "strutil",
    "system",
    "usage",
    "version",
  ]
  pruneopts = "UT"
  revision = "f5be0b2efabbb624246ed395ede96a96dbd9c563"
  version = "v12.10.0"

[solve-meta]
  analyzer-name = "dep"
  analyzer-version = 1
  input-imports = [
    "github.com/valyala/fasthttp",
    "pkg.re/check.v1",
    "pkg.re/essentialkaos/ek.v12/fmtc",
    "pkg.re/essentialkaos/ek.v12/knf",
    "pkg.re/essentialkaos/ek.v12/knf/validators",
    "pkg.re/essentialkaos/ek.v12/knf/validators/fs",
    "pkg.re/essentialkaos/ek.v12/log",
    "pkg.re/essentialkaos/ek.v12/options",
    "pkg.re/essentialkaos/ek.v12/signal",
    "pkg.re/essentialkaos/ek.v12/sortutil",
    "pkg.re/essentialkaos/ek.v12/usage",
    "pkg.re/essentialkaos/ek.v12/version",
  ]
  solver-name = "gps-cdcl"
  solver-version = 1
