# This file is autogenerated, do not edit; changes may be undone by the next 'dep ensure'.


[[projects]]
  digest = "1:3bfdfb3f1e89263734e9dd6d65a00ad0d4886750061439b7da2a8ab753a2ecf4"
  name = "github.com/andybalholm/brotli"
  packages = ["."]
  pruneopts = "UT"
  revision = "729edfbcfeaad43a6412c185205501ec80773250"
  version = "v1.0.1"

[[projects]]
  digest = "1:31d6e66ab882fae8534e01407a9cd6c036a51706a04adfe6912efaaf18989d20"
  name = "github.com/klauspost/compress"
  packages = [
    "flate",
    "gzip",
    "zlib",
  ]
  pruneopts = "UT"
  revision = "ff4a4acf3be7ac7b0b1c3381000e0216eb9e956f"
  version = "v1.11.3"

[[projects]]
  digest = "1:759375161ead34b8a830e14e75196bb51a999f125531d2faf0a1a944551a586f"
  name = "github.com/kr/pretty"
  packages = ["."]
  pruneopts = "UT"
  revision = "ead452280cd055b2ae8a7f0db5eb37a878d902f7"
  version = "v0.2.1"

[[projects]]
  digest = "1:7218fd69ff5436d016101bbc6183cdc289aa45ac37b48e78846318e4ef389bea"
  name = "github.com/kr/text"
  packages = ["."]
  pruneopts = "UT"
  revision = "702c74938df48b97370179f33ce2107bd7ff3b3e"
  version = "v0.2.0"

[[projects]]
  digest = "1:c468422f334a6b46a19448ad59aaffdfc0a36b08fdcc1c749a0b29b6453d7e59"
  name = "github.com/valyala/bytebufferpool"
  packages = ["."]
  pruneopts = "UT"
  revision = "e746df99fe4a3986f4d4f79e13c1e0117ce9c2f7"
  version = "v1.0.0"

[[projects]]
  digest = "1:8b729ea12d4304a0841ad2946f479b5f746eb663d053e43b4dfd220a7304098d"
  name = "github.com/valyala/fasthttp"
  packages = [
    ".",
    "fasthttputil",
    "stackless",
  ]
  pruneopts = "UT"
  revision = "d0dfbd4494632e4bf398d1c0098e4c389a1c4356"
  version = "v1.18.0"

[[projects]]
  branch = "master"
  digest = "1:b39f3febddd151ee9993a0a10c20393efeddb1d31c0c706c9d03d054dbafd308"
  name = "pkg.re/check.v1"
  packages = ["."]
  pruneopts = "UT"
  revision = "10cb98267c6cb43ea9cd6793f29ff4089c306974"

[[projects]]
  digest = "1:904f7cbc12855430f0d164541cdd3ade6026373835fcdf6d3ce320a30789bab4"
  name = "pkg.re/essentialkaos/ek.v12"
  packages = [
    "env",
    "fmtc",
    "fsutil",
    "knf",
    "knf/validators",
    "knf/validators/fs",
    "log",
    "mathutil",
    "options",
    "path",
    "signal",
    "sortutil",
    "strutil",
    "system",
    "usage",
    "version",
  ]
  pruneopts = "UT"
  revision = "00c0a837aeb511ce64760297eb140bf73626e88f"
  version = "v12.11.0"

[solve-meta]
  analyzer-name = "dep"
  analyzer-version = 1
  input-imports = [
    "github.com/valyala/fasthttp",
    "pkg.re/check.v1",
    "pkg.re/essentialkaos/ek.v12/fmtc",
    "pkg.re/essentialkaos/ek.v12/knf",
    "pkg.re/essentialkaos/ek.v12/knf/validators",
    "pkg.re/essentialkaos/ek.v12/knf/validators/fs",
    "pkg.re/essentialkaos/ek.v12/log",
    "pkg.re/essentialkaos/ek.v12/options",
    "pkg.re/essentialkaos/ek.v12/signal",
    "pkg.re/essentialkaos/ek.v12/sortutil",
    "pkg.re/essentialkaos/ek.v12/usage",
    "pkg.re/essentialkaos/ek.v12/version",
  ]
  solver-name = "gps-cdcl"
  solver-version = 1
