# This file is autogenerated, do not edit; changes may be undone by the next 'dep ensure'.


[[projects]]
  digest = "1:1a27a67993fd9ad63a5e04b49a9cacd32e4d3efdf44223749410c1e02bb53011"
  name = "github.com/klauspost/compress"
  packages = [
    "flate",
    "gzip",
    "zlib",
  ]
  pruneopts = "UT"
  revision = "438db640fd672278e44bb9bec0b979358e7e9c76"
  version = "v1.9.4"

[[projects]]
  digest = "1:ca955a9cd5b50b0f43d2cc3aeb35c951473eeca41b34eb67507f1dbcc0542394"
  name = "github.com/kr/pretty"
  packages = ["."]
  pruneopts = "UT"
  revision = "73f6ac0b30a98e433b289500d779f50c1a6f0712"
  version = "v0.1.0"

[[projects]]
  digest = "1:15b5cc79aad436d47019f814fde81a10221c740dc8ddf769221a65097fb6c2e9"
  name = "github.com/kr/text"
  packages = ["."]
  pruneopts = "UT"
  revision = "e2ffdb16a802fe2bb95e2e35ff34f0e53aeef34f"
  version = "v0.1.0"

[[projects]]
  branch = "master"
  digest = "1:618162a6fd7ef94485d136d1bdd062c49eed478144967eb050c9e3dbe9e4f26b"
  name = "github.com/orcaman/concurrent-map"
  packages = ["."]
  pruneopts = "UT"
  revision = "8c72a8bb44f6cfcff2abae8ebcbaaaf883331363"

[[projects]]
  digest = "1:c468422f334a6b46a19448ad59aaffdfc0a36b08fdcc1c749a0b29b6453d7e59"
  name = "github.com/valyala/bytebufferpool"
  packages = ["."]
  pruneopts = "UT"
  revision = "e746df99fe4a3986f4d4f79e13c1e0117ce9c2f7"
  version = "v1.0.0"

[[projects]]
  branch = "master"
  digest = "1:ce5a1626228ba90c9780d2f1e0a4ab7cb04a1b7ffb7a41c000e7f8ea7a9f03f4"
  name = "github.com/valyala/fasthttp"
  packages = [
    ".",
    "fasthttputil",
    "stackless",
  ]
  pruneopts = "UT"
  revision = "a266a926ae7cf645c53b201a499d8a69e4566aaf"

[[projects]]
  branch = "master"
  digest = "1:bc88591477b5fee4520dcd3d8fa8fd26f5d78b83193ed0102a7e83552652daa4"
  name = "pkg.re/check.v1"
  packages = ["."]
  pruneopts = "UT"
  revision = "41f04d3bba152ddec2103e299fed053415705330"

[[projects]]
  digest = "1:2496fe11a6191320b769f5b79e331ad28247929cc231bdc115a47bb789d147ef"
  name = "pkg.re/essentialkaos/ek.v11"
  packages = [
    "env",
    "fmtc",
    "fsutil",
    "knf",
    "knf/validators",
    "knf/validators/fs",
    "log",
    "mathutil",
    "options",
    "path",
    "signal",
    "sortutil",
    "strutil",
    "system",
    "usage",
    "version",
  ]
  pruneopts = "UT"
  revision = "20c9dc5c9c3aa53d77b260e1d565e7bcdc2924b1"
  version = "v11.3.1"

[solve-meta]
  analyzer-name = "dep"
  analyzer-version = 1
  input-imports = [
    "github.com/orcaman/concurrent-map",
    "github.com/valyala/fasthttp",
    "pkg.re/check.v1",
    "pkg.re/essentialkaos/ek.v11/fmtc",
    "pkg.re/essentialkaos/ek.v11/knf",
    "pkg.re/essentialkaos/ek.v11/knf/validators",
    "pkg.re/essentialkaos/ek.v11/knf/validators/fs",
    "pkg.re/essentialkaos/ek.v11/log",
    "pkg.re/essentialkaos/ek.v11/options",
    "pkg.re/essentialkaos/ek.v11/signal",
    "pkg.re/essentialkaos/ek.v11/sortutil",
    "pkg.re/essentialkaos/ek.v11/usage",
    "pkg.re/essentialkaos/ek.v11/version",
  ]
  solver-name = "gps-cdcl"
  solver-version = 1
